
Microsoft Visual Studio Solution File, Format Version 12.00
# Visual Studio 15
VisualStudioVersion = 15.0.28307.902
MinimumVisualStudioVersion = 10.0.40219.1
Project("{FAE04EC0-301F-11D3-BF4B-00C04F79EFBC}") = "OverlayReferenceApp", "OverlayReferenceApp\OverlayReferenceApp.csproj", "{594AE162-F50B-4A09-9706-94E2892F4A1D}"
EndProject
Project("{FAE04EC0-301F-11D3-BF4B-00C04F79EFBC}") = "OverlayReferenceApp.Test", "OverlayReferenceApp.Test\OverlayReferenceApp.Test.csproj", "{CEBD69B0-6700-49DF-9D96-20642F9750AA}"
EndProject
Global
	GlobalSection(SolutionConfigurationPlatforms) = preSolution
		Debug|Any CPU = Debug|Any CPU
		Release|Any CPU = Release|Any CPU
	EndGlobalSection
	GlobalSection(ProjectConfigurationPlatforms) = postSolution
		{594AE162-F50B-4A09-9706-94E2892F4A1D}.Debug|Any CPU.ActiveCfg = Debug|Any CPU
		{594AE162-F50B-4A09-9706-94E2892F4A1D}.Debug|Any CPU.Build.0 = Debug|Any CPU
		{594AE162-F50B-4A09-9706-94E2892F4A1D}.Release|Any CPU.ActiveCfg = Release|Any CPU
		{594AE162-F50B-4A09-9706-94E2892F4A1D}.Release|Any CPU.Build.0 = Release|Any CPU
		{CEBD69B0-6700-49DF-9D96-20642F9750AA}.Debug|Any CPU.ActiveCfg = Debug|Any CPU
		{CEBD69B0-6700-49DF-9D96-20642F9750AA}.Debug|Any CPU.Build.0 = Debug|Any CPU
		{CEBD69B0-6700-49DF-9D96-20642F9750AA}.Release|Any CPU.ActiveCfg = Release|Any CPU
		{CEBD69B0-6700-49DF-9D96-20642F9750AA}.Release|Any CPU.Build.0 = Release|Any CPU
	EndGlobalSection
	GlobalSection(SolutionProperties) = preSolution
		HideSolutionNode = FALSE
	EndGlobalSection
	GlobalSection(ExtensibilityGlobals) = postSolution
		SolutionGuid = {F4884F2D-F829-4761-8413-3929F3B72BC5}
	EndGlobalSection
EndGlobal
